// !$*UTF8*$!
{
	archiveVersion = 1;
	classes = {
	};
	objectVersion = 56;
	objects = {

/* Begin PBXBuildFile section */
		F403D04F28FB7DCF00EE1C71 /* AppDelegate.swift in Sources */ = {isa = PBXBuildFile; fileRef = F403D04E28FB7DCF00EE1C71 /* AppDelegate.swift */; };
		F403D05128FB7DCF00EE1C71 /* SceneDelegate.swift in Sources */ = {isa = PBXBuildFile; fileRef = F403D05028FB7DCF00EE1C71 /* SceneDelegate.swift */; };
		F403D05328FB7DCF00EE1C71 /* ViewController.swift in Sources */ = {isa = PBXBuildFile; fileRef = F403D05228FB7DCF00EE1C71 /* ViewController.swift */; };
		F403D05628FB7DCF00EE1C71 /* Main.storyboard in Resources */ = {isa = PBXBuildFile; fileRef = F403D05428FB7DCF00EE1C71 /* Main.storyboard */; };
		F403D05828FB7DD100EE1C71 /* Assets.xcassets in Resources */ = {isa = PBXBuildFile; fileRef = F403D05728FB7DD100EE1C71 /* Assets.xcassets */; };
		F403D05B28FB7DD100EE1C71 /* LaunchScreen.storyboard in Resources */ = {isa = PBXBuildFile; fileRef = F403D05928FB7DD100EE1C71 /* LaunchScreen.storyboard */; };
		F403D06628FB7DD100EE1C71 /* fecAppTests.swift in Sources */ = {isa = PBXBuildFile; fileRef = F403D06528FB7DD100EE1C71 /* fecAppTests.swift */; };
		F403D07028FB7DD100EE1C71 /* fecAppUITests.swift in Sources */ = {isa = PBXBuildFile; fileRef = F403D06F28FB7DD100EE1C71 /* fecAppUITests.swift */; };
		F403D07228FB7DD100EE1C71 /* fecAppUITestsLaunchTests.swift in Sources */ = {isa = PBXBuildFile; fileRef = F403D07128FB7DD100EE1C71 /* fecAppUITestsLaunchTests.swift */; };
/* End PBXBuildFile section */

/* Begin PBXContainerItemProxy section */
		F403D06228FB7DD100EE1C71 /* PBXContainerItemProxy */ = {
			isa = PBXContainerItemProxy;
			containerPortal = F403D04328FB7DCF00EE1C71 /* Project object */;
			proxyType = 1;
			remoteGlobalIDString = F403D04A28FB7DCF00EE1C71;
			remoteInfo = fecApp;
		};
		F403D06C28FB7DD100EE1C71 /* PBXContainerItemProxy */ = {
			isa = PBXContainerItemProxy;
			containerPortal = F403D04328FB7DCF00EE1C71 /* Project object */;
			proxyType = 1;
			remoteGlobalIDString = F403D04A28FB7DCF00EE1C71;
			remoteInfo = fecApp;
		};
/* End PBXContainerItemProxy section */

/* Begin PBXFileReference section */
		F403D04B28FB7DCF00EE1C71 /* fecApp.app */ = {isa = PBXFileReference; explicitFileType = wrapper.application; includeInIndex = 0; path = fecApp.app; sourceTree = BUILT_PRODUCTS_DIR; };
		F403D04E28FB7DCF00EE1C71 /* AppDelegate.swift */ = {isa = PBXFileReference; lastKnownFileType = sourcecode.swift; path = AppDelegate.swift; sourceTree = "<group>"; };
		F403D05028FB7DCF00EE1C71 /* SceneDelegate.swift */ = {isa = PBXFileReference; lastKnownFileType = sourcecode.swift; path = SceneDelegate.swift; sourceTree = "<group>"; };
		F403D05228FB7DCF00EE1C71 /* ViewController.swift */ = {isa = PBXFileReference; lastKnownFileType = sourcecode.swift; path = ViewController.swift; sourceTree = "<group>"; };
		F403D05528FB7DCF00EE1C71 /* Base */ = {isa = PBXFileReference; lastKnownFileType = file.storyboard; name = Base; path = Base.lproj/Main.storyboard; sourceTree = "<group>"; };
		F403D05728FB7DD100EE1C71 /* Assets.xcassets */ = {isa = PBXFileReference; lastKnownFileType = folder.assetcatalog; path = Assets.xcassets; sourceTree = "<group>"; };
		F403D05A28FB7DD100EE1C71 /* Base */ = {isa = PBXFileReference; lastKnownFileType = file.storyboard; name = Base; path = Base.lproj/LaunchScreen.storyboard; sourceTree = "<group>"; };
		F403D05C28FB7DD100EE1C71 /* Info.plist */ = {isa = PBXFileReference; lastKnownFileType = text.plist.xml; path = Info.plist; sourceTree = "<group>"; };
		F403D06128FB7DD100EE1C71 /* fecAppTests.xctest */ = {isa = PBXFileReference; explicitFileType = wrapper.cfbundle; includeInIndex = 0; path = fecAppTests.xctest; sourceTree = BUILT_PRODUCTS_DIR; };
		F403D06528FB7DD100EE1C71 /* fecAppTests.swift */ = {isa = PBXFileReference; lastKnownFileType = sourcecode.swift; path = fecAppTests.swift; sourceTree = "<group>"; };
		F403D06B28FB7DD100EE1C71 /* fecAppUITests.xctest */ = {isa = PBXFileReference; explicitFileType = wrapper.cfbundle; includeInIndex = 0; path = fecAppUITests.xctest; sourceTree = BUILT_PRODUCTS_DIR; };
		F403D06F28FB7DD100EE1C71 /* fecAppUITests.swift */ = {isa = PBXFileReference; lastKnownFileType = sourcecode.swift; path = fecAppUITests.swift; sourceTree = "<group>"; };
		F403D07128FB7DD100EE1C71 /* fecAppUITestsLaunchTests.swift */ = {isa = PBXFileReference; lastKnownFileType = sourcecode.swift; path = fecAppUITestsLaunchTests.swift; sourceTree = "<group>"; };
/* End PBXFileReference section */

/* Begin PBXFrameworksBuildPhase section */
		F403D04828FB7DCF00EE1C71 /* Frameworks */ = {
			isa = PBXFrameworksBuildPhase;
			buildActionMask = 2147483647;
			files = (
			);
			runOnlyForDeploymentPostprocessing = 0;
		};
		F403D05E28FB7DD100EE1C71 /* Frameworks */ = {
			isa = PBXFrameworksBuildPhase;
			buildActionMask = 2147483647;
			files = (
			);
			runOnlyForDeploymentPostprocessing = 0;
		};
		F403D06828FB7DD100EE1C71 /* Frameworks */ = {
			isa = PBXFrameworksBuildPhase;
			buildActionMask = 2147483647;
			files = (
			);
			runOnlyForDeploymentPostprocessing = 0;
		};
/* End PBXFrameworksBuildPhase section */

/* Begin PBXGroup section */
		F403D04228FB7DCF00EE1C71 = {
			isa = PBXGroup;
			children = (
				F403D04D28FB7DCF00EE1C71 /* fecApp */,
				F403D06428FB7DD100EE1C71 /* fecAppTests */,
				F403D06E28FB7DD100EE1C71 /* fecAppUITests */,
				F403D04C28FB7DCF00EE1C71 /* Products */,
			);
			sourceTree = "<group>";
		};
		F403D04C28FB7DCF00EE1C71 /* Products */ = {
			isa = PBXGroup;
			children = (
				F403D04B28FB7DCF00EE1C71 /* fecApp.app */,
				F403D06128FB7DD100EE1C71 /* fecAppTests.xctest */,
				F403D06B28FB7DD100EE1C71 /* fecAppUITests.xctest */,
			);
			name = Products;
			sourceTree = "<group>";
		};
		F403D04D28FB7DCF00EE1C71 /* fecApp */ = {
			isa = PBXGroup;
			children = (
				F403D04E28FB7DCF00EE1C71 /* AppDelegate.swift */,
				F403D05028FB7DCF00EE1C71 /* SceneDelegate.swift */,
				F403D05228FB7DCF00EE1C71 /* ViewController.swift */,
				F403D05428FB7DCF00EE1C71 /* Main.storyboard */,
				F403D05728FB7DD100EE1C71 /* Assets.xcassets */,
				F403D05928FB7DD100EE1C71 /* LaunchScreen.storyboard */,
				F403D05C28FB7DD100EE1C71 /* Info.plist */,
			);
			path = fecApp;
			sourceTree = "<group>";
		};
		F403D06428FB7DD100EE1C71 /* fecAppTests */ = {
			isa = PBXGroup;
			children = (
				F403D06528FB7DD100EE1C71 /* fecAppTests.swift */,
			);
			path = fecAppTests;
			sourceTree = "<group>";
		};
		F403D06E28FB7DD100EE1C71 /* fecAppUITests */ = {
			isa = PBXGroup;
			children = (
				F403D06F28FB7DD100EE1C71 /* fecAppUITests.swift */,
				F403D07128FB7DD100EE1C71 /* fecAppUITestsLaunchTests.swift */,
			);
			path = fecAppUITests;
			sourceTree = "<group>";
		};
/* End PBXGroup section */

/* Begin PBXNativeTarget section */
		F403D04A28FB7DCF00EE1C71 /* fecApp */ = {
			isa = PBXNativeTarget;
			buildConfigurationList = F403D07528FB7DD100EE1C71 /* Build configuration list for PBXNativeTarget "fecApp" */;
			buildPhases = (
				F403D04728FB7DCF00EE1C71 /* Sources */,
				F403D04828FB7DCF00EE1C71 /* Frameworks */,
				F403D04928FB7DCF00EE1C71 /* Resources */,
			);
			buildRules = (
			);
			dependencies = (
			);
			name = fecApp;
			productName = fecApp;
			productReference = F403D04B28FB7DCF00EE1C71 /* fecApp.app */;
			productType = "com.apple.product-type.application";
		};
		F403D06028FB7DD100EE1C71 /* fecAppTests */ = {
			isa = PBXNativeTarget;
			buildConfigurationList = F403D07828FB7DD100EE1C71 /* Build configuration list for PBXNativeTarget "fecAppTests" */;
			buildPhases = (
				F403D05D28FB7DD100EE1C71 /* Sources */,
				F403D05E28FB7DD100EE1C71 /* Frameworks */,
				F403D05F28FB7DD100EE1C71 /* Resources */,
			);
			buildRules = (
			);
			dependencies = (
				F403D06328FB7DD100EE1C71 /* PBXTargetDependency */,
			);
			name = fecAppTests;
			productName = fecAppTests;
			productReference = F403D06128FB7DD100EE1C71 /* fecAppTests.xctest */;
			productType = "com.apple.product-type.bundle.unit-test";
		};
		F403D06A28FB7DD100EE1C71 /* fecAppUITests */ = {
			isa = PBXNativeTarget;
			buildConfigurationList = F403D07B28FB7DD100EE1C71 /* Build configuration list for PBXNativeTarget "fecAppUITests" */;
			buildPhases = (
				F403D06728FB7DD100EE1C71 /* Sources */,
				F403D06828FB7DD100EE1C71 /* Frameworks */,
				F403D06928FB7DD100EE1C71 /* Resources */,
			);
			buildRules = (
			);
			dependencies = (
				F403D06D28FB7DD100EE1C71 /* PBXTargetDependency */,
			);
			name = fecAppUITests;
			productName = fecAppUITests;
			productReference = F403D06B28FB7DD100EE1C71 /* fecAppUITests.xctest */;
			productType = "com.apple.product-type.bundle.ui-testing";
		};
/* End PBXNativeTarget section */

/* Begin PBXProject section */
		F403D04328FB7DCF00EE1C71 /* Project object */ = {
			isa = PBXProject;
			attributes = {
				BuildIndependentTargetsInParallel = 1;
				LastSwiftUpdateCheck = 1400;
				LastUpgradeCheck = 1400;
				TargetAttributes = {
					F403D04A28FB7DCF00EE1C71 = {
						CreatedOnToolsVersion = 14.0.1;
					};
					F403D06028FB7DD100EE1C71 = {
						CreatedOnToolsVersion = 14.0.1;
						TestTargetID = F403D04A28FB7DCF00EE1C71;
					};
					F403D06A28FB7DD100EE1C71 = {
						CreatedOnToolsVersion = 14.0.1;
						TestTargetID = F403D04A28FB7DCF00EE1C71;
					};
				};
			};
			buildConfigurationList = F403D04628FB7DCF00EE1C71 /* Build configuration list for PBXProject "fecApp" */;
			compatibilityVersion = "Xcode 14.0";
			developmentRegion = en;
			hasScannedForEncodings = 0;
			knownRegions = (
				en,
				Base,
			);
			mainGroup = F403D04228FB7DCF00EE1C71;
			productRefGroup = F403D04C28FB7DCF00EE1C71 /* Products */;
			projectDirPath = "";
			projectRoot = "";
			targets = (
				F403D04A28FB7DCF00EE1C71 /* fecApp */,
				F403D06028FB7DD100EE1C71 /* fecAppTests */,
				F403D06A28FB7DD100EE1C71 /* fecAppUITests */,
			);
		};
/* End PBXProject section */

/* Begin PBXResourcesBuildPhase section */
		F403D04928FB7DCF00EE1C71 /* Resources */ = {
			isa = PBXResourcesBuildPhase;
			buildActionMask = 2147483647;
			files = (
				F403D05B28FB7DD100EE1C71 /* LaunchScreen.storyboard in Resources */,
				F403D05828FB7DD100EE1C71 /* Assets.xcassets in Resources */,
				F403D05628FB7DCF00EE1C71 /* Main.storyboard in Resources */,
			);
			runOnlyForDeploymentPostprocessing = 0;
		};
		F403D05F28FB7DD100EE1C71 /* Resources */ = {
			isa = PBXResourcesBuildPhase;
			buildActionMask = 2147483647;
			files = (
			);
			runOnlyForDeploymentPostprocessing = 0;
		};
		F403D06928FB7DD100EE1C71 /* Resources */ = {
			isa = PBXResourcesBuildPhase;
			buildActionMask = 2147483647;
			files = (
			);
			runOnlyForDeploymentPostprocessing = 0;
		};
/* End PBXResourcesBuildPhase section */

/* Begin PBXSourcesBuildPhase section */
		F403D04728FB7DCF00EE1C71 /* Sources */ = {
			isa = PBXSourcesBuildPhase;
			buildActionMask = 2147483647;
			files = (
				F403D05328FB7DCF00EE1C71 /* ViewController.swift in Sources */,
				F403D04F28FB7DCF00EE1C71 /* AppDelegate.swift in Sources */,
				F403D05128FB7DCF00EE1C71 /* SceneDelegate.swift in Sources */,
			);
			runOnlyForDeploymentPostprocessing = 0;
		};
		F403D05D28FB7DD100EE1C71 /* Sources */ = {
			isa = PBXSourcesBuildPhase;
			buildActionMask = 2147483647;
			files = (
				F403D06628FB7DD100EE1C71 /* fecAppTests.swift in Sources */,
			);
			runOnlyForDeploymentPostprocessing = 0;
		};
		F403D06728FB7DD100EE1C71 /* Sources */ = {
			isa = PBXSourcesBuildPhase;
			buildActionMask = 2147483647;
			files = (
				F403D07028FB7DD100EE1C71 /* fecAppUITests.swift in Sources */,
				F403D07228FB7DD100EE1C71 /* fecAppUITestsLaunchTests.swift in Sources */,
			);
			runOnlyForDeploymentPostprocessing = 0;
		};
/* End PBXSourcesBuildPhase section */

/* Begin PBXTargetDependency section */
		F403D06328FB7DD100EE1C71 /* PBXTargetDependency */ = {
			isa = PBXTargetDependency;
			target = F403D04A28FB7DCF00EE1C71 /* fecApp */;
			targetProxy = F403D06228FB7DD100EE1C71 /* PBXContainerItemProxy */;
		};
		F403D06D28FB7DD100EE1C71 /* PBXTargetDependency */ = {
			isa = PBXTargetDependency;
			target = F403D04A28FB7DCF00EE1C71 /* fecApp */;
			targetProxy = F403D06C28FB7DD100EE1C71 /* PBXContainerItemProxy */;
		};
/* End PBXTargetDependency section */

/* Begin PBXVariantGroup section */
		F403D05428FB7DCF00EE1C71 /* Main.storyboard */ = {
			isa = PBXVariantGroup;
			children = (
				F403D05528FB7DCF00EE1C71 /* Base */,
			);
			name = Main.storyboard;
			sourceTree = "<group>";
		};
		F403D05928FB7DD100EE1C71 /* LaunchScreen.storyboard */ = {
			isa = PBXVariantGroup;
			children = (
				F403D05A28FB7DD100EE1C71 /* Base */,
			);
			name = LaunchScreen.storyboard;
			sourceTree = "<group>";
		};
/* End PBXVariantGroup section */

/* Begin XCBuildConfiguration section */
		F403D07328FB7DD100EE1C71 /* Debug */ = {
			isa = XCBuildConfiguration;
			buildSettings = {
				ALWAYS_SEARCH_USER_PATHS = NO;
				CLANG_ANALYZER_NONNULL = YES;
				CLANG_ANALYZER_NUMBER_OBJECT_CONVERSION = YES_AGGRESSIVE;
				CLANG_CXX_LANGUAGE_STANDARD = "gnu++20";
				CLANG_ENABLE_MODULES = YES;
				CLANG_ENABLE_OBJC_ARC = YES;
				CLANG_ENABLE_OBJC_WEAK = YES;
				CLANG_WARN_BLOCK_CAPTURE_AUTORELEASING = YES;
				CLANG_WARN_BOOL_CONVERSION = YES;
				CLANG_WARN_COMMA = YES;
				CLANG_WARN_CONSTANT_CONVERSION = YES;
				CLANG_WARN_DEPRECATED_OBJC_IMPLEMENTATIONS = YES;
				CLANG_WARN_DIRECT_OBJC_ISA_USAGE = YES_ERROR;
				CLANG_WARN_DOCUMENTATION_COMMENTS = YES;
				CLANG_WARN_EMPTY_BODY = YES;
				CLANG_WARN_ENUM_CONVERSION = YES;
				CLANG_WARN_INFINITE_RECURSION = YES;
				CLANG_WARN_INT_CONVERSION = YES;
				CLANG_WARN_NON_LITERAL_NULL_CONVERSION = YES;
				CLANG_WARN_OBJC_IMPLICIT_RETAIN_SELF = YES;
				CLANG_WARN_OBJC_LITERAL_CONVERSION = YES;
				CLANG_WARN_OBJC_ROOT_CLASS = YES_ERROR;
				CLANG_WARN_QUOTED_INCLUDE_IN_FRAMEWORK_HEADER = YES;
				CLANG_WARN_RANGE_LOOP_ANALYSIS = YES;
				CLANG_WARN_STRICT_PROTOTYPES = YES;
				CLANG_WARN_SUSPICIOUS_MOVE = YES;
				CLANG_WARN_UNGUARDED_AVAILABILITY = YES_AGGRESSIVE;
				CLANG_WARN_UNREACHABLE_CODE = YES;
				CLANG_WARN__DUPLICATE_METHOD_MATCH = YES;
				COPY_PHASE_STRIP = NO;
				DEBUG_INFORMATION_FORMAT = dwarf;
				ENABLE_STRICT_OBJC_MSGSEND = YES;
				ENABLE_TESTABILITY = YES;
				GCC_C_LANGUAGE_STANDARD = gnu11;
				GCC_DYNAMIC_NO_PIC = NO;
				GCC_NO_COMMON_BLOCKS = YES;
				GCC_OPTIMIZATION_LEVEL = 0;
				GCC_PREPROCESSOR_DEFINITIONS = (
					"DEBUG=1",
					"$(inherited)",
				);
				GCC_WARN_64_TO_32_BIT_CONVERSION = YES;
				GCC_WARN_ABOUT_RETURN_TYPE = YES_ERROR;
				GCC_WARN_UNDECLARED_SELECTOR = YES;
				GCC_WARN_UNINITIALIZED_AUTOS = YES_AGGRESSIVE;
				GCC_WARN_UNUSED_FUNCTION = YES;
				GCC_WARN_UNUSED_VARIABLE = YES;
				IPHONEOS_DEPLOYMENT_TARGET = 16.0;
				MTL_ENABLE_DEBUG_INFO = INCLUDE_SOURCE;
				MTL_FAST_MATH = YES;
				ONLY_ACTIVE_ARCH = YES;
				SDKROOT = iphoneos;
				SWIFT_ACTIVE_COMPILATION_CONDITIONS = DEBUG;
				SWIFT_OPTIMIZATION_LEVEL = "-Onone";
			};
			name = Debug;
		};
		F403D07428FB7DD100EE1C71 /* Release */ = {
			isa = XCBuildConfiguration;
			buildSettings = {
				ALWAYS_SEARCH_USER_PATHS = NO;
				CLANG_ANALYZER_NONNULL = YES;
				CLANG_ANALYZER_NUMBER_OBJECT_CONVERSION = YES_AGGRESSIVE;
				CLANG_CXX_LANGUAGE_STANDARD = "gnu++20";
				CLANG_ENABLE_MODULES = YES;
				CLANG_ENABLE_OBJC_ARC = YES;
				CLANG_ENABLE_OBJC_WEAK = YES;
				CLANG_WARN_BLOCK_CAPTURE_AUTORELEASING = YES;
				CLANG_WARN_BOOL_CONVERSION = YES;
				CLANG_WARN_COMMA = YES;
				CLANG_WARN_CONSTANT_CONVERSION = YES;
				CLANG_WARN_DEPRECATED_OBJC_IMPLEMENTATIONS = YES;
				CLANG_WARN_DIRECT_OBJC_ISA_USAGE = YES_ERROR;
				CLANG_WARN_DOCUMENTATION_COMMENTS = YES;
				CLANG_WARN_EMPTY_BODY = YES;
				CLANG_WARN_ENUM_CONVERSION = YES;
				CLANG_WARN_INFINITE_RECURSION = YES;
				CLANG_WARN_INT_CONVERSION = YES;
				CLANG_WARN_NON_LITERAL_NULL_CONVERSION = YES;
				CLANG_WARN_OBJC_IMPLICIT_RETAIN_SELF = YES;
				CLANG_WARN_OBJC_LITERAL_CONVERSION = YES;
				CLANG_WARN_OBJC_ROOT_CLASS = YES_ERROR;
				CLANG_WARN_QUOTED_INCLUDE_IN_FRAMEWORK_HEADER = YES;
				CLANG_WARN_RANGE_LOOP_ANALYSIS = YES;
				CLANG_WARN_STRICT_PROTOTYPES = YES;
				CLANG_WARN_SUSPICIOUS_MOVE = YES;
				CLANG_WARN_UNGUARDED_AVAILABILITY = YES_AGGRESSIVE;
				CLANG_WARN_UNREACHABLE_CODE = YES;
				CLANG_WARN__DUPLICATE_METHOD_MATCH = YES;
				COPY_PHASE_STRIP = NO;
				DEBUG_INFORMATION_FORMAT = "dwarf-with-dsym";
				ENABLE_NS_ASSERTIONS = NO;
				ENABLE_STRICT_OBJC_MSGSEND = YES;
				GCC_C_LANGUAGE_STANDARD = gnu11;
				GCC_NO_COMMON_BLOCKS = YES;
				GCC_WARN_64_TO_32_BIT_CONVERSION = YES;
				GCC_WARN_ABOUT_RETURN_TYPE = YES_ERROR;
				GCC_WARN_UNDECLARED_SELECTOR = YES;
				GCC_WARN_UNINITIALIZED_AUTOS = YES_AGGRESSIVE;
				GCC_WARN_UNUSED_FUNCTION = YES;
				GCC_WARN_UNUSED_VARIABLE = YES;
				IPHONEOS_DEPLOYMENT_TARGET = 16.0;
				MTL_ENABLE_DEBUG_INFO = NO;
				MTL_FAST_MATH = YES;
				SDKROOT = iphoneos;
				SWIFT_COMPILATION_MODE = wholemodule;
				SWIFT_OPTIMIZATION_LEVEL = "-O";
				VALIDATE_PRODUCT = YES;
			};
			name = Release;
		};
		F403D07628FB7DD100EE1C71 /* Debug */ = {
			isa = XCBuildConfiguration;
			buildSettings = {
				ASSETCATALOG_COMPILER_APPICON_NAME = AppIcon;
				ASSETCATALOG_COMPILER_GLOBAL_ACCENT_COLOR_NAME = AccentColor;
				CODE_SIGN_STYLE = Automatic;
				CURRENT_PROJECT_VERSION = 1;
				DEVELOPMENT_TEAM = DQ7CFP6525;
				GENERATE_INFOPLIST_FILE = YES;
				INFOPLIST_FILE = fecApp/Info.plist;
				INFOPLIST_KEY_UIApplicationSupportsIndirectInputEvents = YES;
				INFOPLIST_KEY_UILaunchStoryboardName = LaunchScreen;
				INFOPLIST_KEY_UIMainStoryboardFile = Main;
				INFOPLIST_KEY_UISupportedInterfaceOrientations_iPad = "UIInterfaceOrientationPortrait UIInterfaceOrientationPortraitUpsideDown UIInterfaceOrientationLandscapeLeft UIInterfaceOrientationLandscapeRight";
				INFOPLIST_KEY_UISupportedInterfaceOrientations_iPhone = "UIInterfaceOrientationPortrait UIInterfaceOrientationLandscapeLeft UIInterfaceOrientationLandscapeRight";
				LD_RUNPATH_SEARCH_PATHS = (
					"$(inherited)",
					"@executable_path/Frameworks",
				);
				MARKETING_VERSION = 1.0;
				PRODUCT_BUNDLE_IDENTIFIER = com.kaya.fecApp;
				PRODUCT_NAME = "$(TARGET_NAME)";
				SWIFT_EMIT_LOC_STRINGS = YES;
				SWIFT_VERSION = 5.0;
				TARGETED_DEVICE_FAMILY = "1,2";
			};
			name = Debug;
		};
		F403D07728FB7DD100EE1C71 /* Release */ = {
			isa = XCBuildConfiguration;
			buildSettings = {
				ASSETCATALOG_COMPILER_APPICON_NAME = AppIcon;
				ASSETCATALOG_COMPILER_GLOBAL_ACCENT_COLOR_NAME = AccentColor;
				CODE_SIGN_STYLE = Automatic;
				CURRENT_PROJECT_VERSION = 1;
				DEVELOPMENT_TEAM = DQ7CFP6525;
				GENERATE_INFOPLIST_FILE = YES;
				INFOPLIST_FILE = fecApp/Info.plist;
				INFOPLIST_KEY_UIApplicationSupportsIndirectInputEvents = YES;
				INFOPLIST_KEY_UILaunchStoryboardName = LaunchScreen;
				INFOPLIST_KEY_UIMainStoryboardFile = Main;
				INFOPLIST_KEY_UISupportedInterfaceOrientations_iPad = "UIInterfaceOrientationPortrait UIInterfaceOrientationPortraitUpsideDown UIInterfaceOrientationLandscapeLeft UIInterfaceOrientationLandscapeRight";
				INFOPLIST_KEY_UISupportedInterfaceOrientations_iPhone = "UIInterfaceOrientationPortrait UIInterfaceOrientationLandscapeLeft UIInterfaceOrientationLandscapeRight";
				LD_RUNPATH_SEARCH_PATHS = (
					"$(inherited)",
					"@executable_path/Frameworks",
				);
				MARKETING_VERSION = 1.0;
				PRODUCT_BUNDLE_IDENTIFIER = com.kaya.fecApp;
				PRODUCT_NAME = "$(TARGET_NAME)";
				SWIFT_EMIT_LOC_STRINGS = YES;
				SWIFT_VERSION = 5.0;
				TARGETED_DEVICE_FAMILY = "1,2";
			};
			name = Release;
		};
		F403D07928FB7DD100EE1C71 /* Debug */ = {
			isa = XCBuildConfiguration;
			buildSettings = {
				ALWAYS_EMBED_SWIFT_STANDARD_LIBRARIES = YES;
				BUNDLE_LOADER = "$(TEST_HOST)";
				CODE_SIGN_STYLE = Automatic;
				CURRENT_PROJECT_VERSION = 1;
				DEVELOPMENT_TEAM = DQ7CFP6525;
				GENERATE_INFOPLIST_FILE = YES;
				IPHONEOS_DEPLOYMENT_TARGET = 16.0;
				MARKETING_VERSION = 1.0;
				PRODUCT_BUNDLE_IDENTIFIER = com.kaya.fecAppTests;
				PRODUCT_NAME = "$(TARGET_NAME)";
				SWIFT_EMIT_LOC_STRINGS = NO;
				SWIFT_VERSION = 5.0;
				TARGETED_DEVICE_FAMILY = "1,2";
				TEST_HOST = "$(BUILT_PRODUCTS_DIR)/fecApp.app/$(BUNDLE_EXECUTABLE_FOLDER_PATH)/fecApp";
			};
			name = Debug;
		};
		F403D07A28FB7DD100EE1C71 /* Release */ = {
			isa = XCBuildConfiguration;
			buildSettings = {
				ALWAYS_EMBED_SWIFT_STANDARD_LIBRARIES = YES;
				BUNDLE_LOADER = "$(TEST_HOST)";
				CODE_SIGN_STYLE = Automatic;
				CURRENT_PROJECT_VERSION = 1;
				DEVELOPMENT_TEAM = DQ7CFP6525;
				GENERATE_INFOPLIST_FILE = YES;
				IPHONEOS_DEPLOYMENT_TARGET = 16.0;
				MARKETING_VERSION = 1.0;
				PRODUCT_BUNDLE_IDENTIFIER = com.kaya.fecAppTests;
				PRODUCT_NAME = "$(TARGET_NAME)";
				SWIFT_EMIT_LOC_STRINGS = NO;
				SWIFT_VERSION = 5.0;
				TARGETED_DEVICE_FAMILY = "1,2";
				TEST_HOST = "$(BUILT_PRODUCTS_DIR)/fecApp.app/$(BUNDLE_EXECUTABLE_FOLDER_PATH)/fecApp";
			};
			name = Release;
		};
		F403D07C28FB7DD100EE1C71 /* Debug */ = {
			isa = XCBuildConfiguration;
			buildSettings = {
				ALWAYS_EMBED_SWIFT_STANDARD_LIBRARIES = YES;
				CODE_SIGN_STYLE = Automatic;
				CURRENT_PROJECT_VERSION = 1;
				DEVELOPMENT_TEAM = DQ7CFP6525;
				GENERATE_INFOPLIST_FILE = YES;
				MARKETING_VERSION = 1.0;
				PRODUCT_BUNDLE_IDENTIFIER = com.kaya.fecAppUITests;
				PRODUCT_NAME = "$(TARGET_NAME)";
				SWIFT_EMIT_LOC_STRINGS = NO;
				SWIFT_VERSION = 5.0;
				TARGETED_DEVICE_FAMILY = "1,2";
				TEST_TARGET_NAME = fecApp;
			};
			name = Debug;
		};
		F403D07D28FB7DD100EE1C71 /* Release */ = {
			isa = XCBuildConfiguration;
			buildSettings = {
				ALWAYS_EMBED_SWIFT_STANDARD_LIBRARIES = YES;
				CODE_SIGN_STYLE = Automatic;
				CURRENT_PROJECT_VERSION = 1;
				DEVELOPMENT_TEAM = DQ7CFP6525;
				GENERATE_INFOPLIST_FILE = YES;
				MARKETING_VERSION = 1.0;
				PRODUCT_BUNDLE_IDENTIFIER = com.kaya.fecAppUITests;
				PRODUCT_NAME = "$(TARGET_NAME)";
				SWIFT_EMIT_LOC_STRINGS = NO;
				SWIFT_VERSION = 5.0;
				TARGETED_DEVICE_FAMILY = "1,2";
				TEST_TARGET_NAME = fecApp;
			};
			name = Release;
		};
/* End XCBuildConfiguration section */

/* Begin XCConfigurationList section */
		F403D04628FB7DCF00EE1C71 /* Build configuration list for PBXProject "fecApp" */ = {
			isa = XCConfigurationList;
			buildConfigurations = (
				F403D07328FB7DD100EE1C71 /* Debug */,
				F403D07428FB7DD100EE1C71 /* Release */,
			);
			defaultConfigurationIsVisible = 0;
			defaultConfigurationName = Release;
		};
		F403D07528FB7DD100EE1C71 /* Build configuration list for PBXNativeTarget "fecApp" */ = {
			isa = XCConfigurationList;
			buildConfigurations = (
				F403D07628FB7DD100EE1C71 /* Debug */,
				F403D07728FB7DD100EE1C71 /* Release */,
			);
			defaultConfigurationIsVisible = 0;
			defaultConfigurationName = Release;
		};
		F403D07828FB7DD100EE1C71 /* Build configuration list for PBXNativeTarget "fecAppTests" */ = {
			isa = XCConfigurationList;
			buildConfigurations = (
				F403D07928FB7DD100EE1C71 /* Debug */,
				F403D07A28FB7DD100EE1C71 /* Release */,
			);
			defaultConfigurationIsVisible = 0;
			defaultConfigurationName = Release;
		};
		F403D07B28FB7DD100EE1C71 /* Build configuration list for PBXNativeTarget "fecAppUITests" */ = {
			isa = XCConfigurationList;
			buildConfigurations = (
				F403D07C28FB7DD100EE1C71 /* Debug */,
				F403D07D28FB7DD100EE1C71 /* Release */,
			);
			defaultConfigurationIsVisible = 0;
			defaultConfigurationName = Release;
		};
/* End XCConfigurationList section */
	};
	rootObject = F403D04328FB7DCF00EE1C71 /* Project object */;
}
