// !$*UTF8*$!
{
	archiveVersion = 1;
	classes = {
	};
	objectVersion = 56;
	objects = {

/* Begin PBXBuildFile section */
		21EB984AA18B52A6282F04D8 /* Pods_fecApp_fecAppUITests.framework in Frameworks */ = {isa = PBXBuildFile; fileRef = D34DCCB061E43F77F695EC85 /* Pods_fecApp_fecAppUITests.framework */; };
		30E9970615B2355A05CAE2C1 /* Pods_fecApp.framework in Frameworks */ = {isa = PBXBuildFile; fileRef = 0251D8BE32F56D70C9BB562F /* Pods_fecApp.framework */; };
		7377342A428A2AB4822C0E6F /* Pods_fecAppTests.framework in Frameworks */ = {isa = PBXBuildFile; fileRef = 86F91634C631E8D0BCAEFED8 /* Pods_fecAppTests.framework */; };
		F403D04F28FB7DCF00EE1C71 /* AppDelegate.swift in Sources */ = {isa = PBXBuildFile; fileRef = F403D04E28FB7DCF00EE1C71 /* AppDelegate.swift */; };
		F403D05128FB7DCF00EE1C71 /* SceneDelegate.swift in Sources */ = {isa = PBXBuildFile; fileRef = F403D05028FB7DCF00EE1C71 /* SceneDelegate.swift */; };
		F403D05328FB7DCF00EE1C71 /* SearchCandidateViewController.swift in Sources */ = {isa = PBXBuildFile; fileRef = F403D05228FB7DCF00EE1C71 /* SearchCandidateViewController.swift */; };
		F403D05828FB7DD100EE1C71 /* Assets.xcassets in Resources */ = {isa = PBXBuildFile; fileRef = F403D05728FB7DD100EE1C71 /* Assets.xcassets */; };
		F403D05B28FB7DD100EE1C71 /* LaunchScreen.storyboard in Resources */ = {isa = PBXBuildFile; fileRef = F403D05928FB7DD100EE1C71 /* LaunchScreen.storyboard */; };
		F403D06628FB7DD100EE1C71 /* fecAppTests.swift in Sources */ = {isa = PBXBuildFile; fileRef = F403D06528FB7DD100EE1C71 /* fecAppTests.swift */; };
		F403D07028FB7DD100EE1C71 /* fecAppUITests.swift in Sources */ = {isa = PBXBuildFile; fileRef = F403D06F28FB7DD100EE1C71 /* fecAppUITests.swift */; };
		F403D07228FB7DD100EE1C71 /* fecAppUITestsLaunchTests.swift in Sources */ = {isa = PBXBuildFile; fileRef = F403D07128FB7DD100EE1C71 /* fecAppUITestsLaunchTests.swift */; };
		F403D08528FB96B700EE1C71 /* FECApi.swift in Sources */ = {isa = PBXBuildFile; fileRef = F403D08428FB96B700EE1C71 /* FECApi.swift */; };
		F403D08728FCB41200EE1C71 /* CandidatesSearchAPIResponse.swift in Sources */ = {isa = PBXBuildFile; fileRef = F403D08628FCB41200EE1C71 /* CandidatesSearchAPIResponse.swift */; };
		F403D08928FCC8BC00EE1C71 /* Core.swift in Sources */ = {isa = PBXBuildFile; fileRef = F403D08828FCC8BC00EE1C71 /* Core.swift */; };
		F403D08E28FCCB1C00EE1C71 /* Utils.swift in Sources */ = {isa = PBXBuildFile; fileRef = F403D08D28FCCB1C00EE1C71 /* Utils.swift */; };
		F403D09128FCCD4300EE1C71 /* CandidatesSearchViewModel.swift in Sources */ = {isa = PBXBuildFile; fileRef = F403D09028FCCD4300EE1C71 /* CandidatesSearchViewModel.swift */; };
		F403D09328FCD42600EE1C71 /* CandidateSearchCellView.swift in Sources */ = {isa = PBXBuildFile; fileRef = F403D09228FCD42600EE1C71 /* CandidateSearchCellView.swift */; };
		F403D09528FE4F5A00EE1C71 /* Constants.swift in Sources */ = {isa = PBXBuildFile; fileRef = F403D09428FE4F5A00EE1C71 /* Constants.swift */; };
		F403D09928FE563A00EE1C71 /* CandidateDetailsViewController.swift in Sources */ = {isa = PBXBuildFile; fileRef = F403D09828FE563A00EE1C71 /* CandidateDetailsViewController.swift */; };
		F403D09B28FE566400EE1C71 /* CandidateDetailsViewModel.swift in Sources */ = {isa = PBXBuildFile; fileRef = F403D09A28FE566400EE1C71 /* CandidateDetailsViewModel.swift */; };
		F403D09E2902264A00EE1C71 /* Candidate.swift in Sources */ = {isa = PBXBuildFile; fileRef = F403D09D2902264A00EE1C71 /* Candidate.swift */; };
		F41E280B2911E1A100AB0670 /* UITableView.swift in Sources */ = {isa = PBXBuildFile; fileRef = F41E280A2911E1A100AB0670 /* UITableView.swift */; };
		F429F29129189F0300A87D79 /* CandidateFilingAPIResponse.swift in Sources */ = {isa = PBXBuildFile; fileRef = F429F29029189F0300A87D79 /* CandidateFilingAPIResponse.swift */; };
		F429F29329189F3A00A87D79 /* CandidateFiling.swift in Sources */ = {isa = PBXBuildFile; fileRef = F429F29229189F3A00A87D79 /* CandidateFiling.swift */; };
		F429F2952918A27800A87D79 /* CandidateFilingCellView.swift in Sources */ = {isa = PBXBuildFile; fileRef = F429F2942918A27800A87D79 /* CandidateFilingCellView.swift */; };
		F430C4CA2909F97900DD8493 /* CandidateDetailsTableHeader.swift in Sources */ = {isa = PBXBuildFile; fileRef = F430C4C92909F97900DD8493 /* CandidateDetailsTableHeader.swift */; };
		F430C4CC290D6D4E00DD8493 /* CandidateDonationsByStateCellView.swift in Sources */ = {isa = PBXBuildFile; fileRef = F430C4CB290D6D4E00DD8493 /* CandidateDonationsByStateCellView.swift */; };
		F430C4CE290D7E8100DD8493 /* CandidateDonationsByStateAPIResponse.swift in Sources */ = {isa = PBXBuildFile; fileRef = F430C4CD290D7E8100DD8493 /* CandidateDonationsByStateAPIResponse.swift */; };
		F430C4D0290D7EC300DD8493 /* CandidateDonationsByState.swift in Sources */ = {isa = PBXBuildFile; fileRef = F430C4CF290D7EC300DD8493 /* CandidateDonationsByState.swift */; };
		F430C4D2290E223800DD8493 /* Int.swift in Sources */ = {isa = PBXBuildFile; fileRef = F430C4D1290E223800DD8493 /* Int.swift */; };
		F430C4D4290ED19D00DD8493 /* StateDonationsDetailsViewController.swift in Sources */ = {isa = PBXBuildFile; fileRef = F430C4D3290ED19D00DD8493 /* StateDonationsDetailsViewController.swift */; };
		F430C4D6290ED23400DD8493 /* DonationsByStateCellView.swift in Sources */ = {isa = PBXBuildFile; fileRef = F430C4D5290ED23400DD8493 /* DonationsByStateCellView.swift */; };
		F430C4D8290ED53100DD8493 /* DonationsByStateViewModel.swift in Sources */ = {isa = PBXBuildFile; fileRef = F430C4D7290ED53100DD8493 /* DonationsByStateViewModel.swift */; };
		F430C4DA290F023300DD8493 /* String.swift in Sources */ = {isa = PBXBuildFile; fileRef = F430C4D9290F023300DD8493 /* String.swift */; };
		F430C4DC290F063A00DD8493 /* StateDonationsDetailsTableHeader.swift in Sources */ = {isa = PBXBuildFile; fileRef = F430C4DB290F063A00DD8493 /* StateDonationsDetailsTableHeader.swift */; };
		F43E21552918ADBC00E0DAD5 /* WebViewController.swift in Sources */ = {isa = PBXBuildFile; fileRef = F43E21542918ADBC00E0DAD5 /* WebViewController.swift */; };
		F44864E829022E61007F09BE /* CandidateDetailsAPIResponse.swift in Sources */ = {isa = PBXBuildFile; fileRef = F44864E729022E61007F09BE /* CandidateDetailsAPIResponse.swift */; };
		F44864EC2906220A007F09BE /* CandidateFinancialsAPIResponse.swift in Sources */ = {isa = PBXBuildFile; fileRef = F44864EB2906220A007F09BE /* CandidateFinancialsAPIResponse.swift */; };
		F44864EE29062247007F09BE /* CandidateFinancials.swift in Sources */ = {isa = PBXBuildFile; fileRef = F44864ED29062247007F09BE /* CandidateFinancials.swift */; };
/* End PBXBuildFile section */

/* Begin PBXContainerItemProxy section */
		F403D06228FB7DD100EE1C71 /* PBXContainerItemProxy */ = {
			isa = PBXContainerItemProxy;
			containerPortal = F403D04328FB7DCF00EE1C71 /* Project object */;
			proxyType = 1;
			remoteGlobalIDString = F403D04A28FB7DCF00EE1C71;
			remoteInfo = fecApp;
		};
		F403D06C28FB7DD100EE1C71 /* PBXContainerItemProxy */ = {
			isa = PBXContainerItemProxy;
			containerPortal = F403D04328FB7DCF00EE1C71 /* Project object */;
			proxyType = 1;
			remoteGlobalIDString = F403D04A28FB7DCF00EE1C71;
			remoteInfo = fecApp;
		};
/* End PBXContainerItemProxy section */

/* Begin PBXFileReference section */
		0251D8BE32F56D70C9BB562F /* Pods_fecApp.framework */ = {isa = PBXFileReference; explicitFileType = wrapper.framework; includeInIndex = 0; path = Pods_fecApp.framework; sourceTree = BUILT_PRODUCTS_DIR; };
		09AE85F1C604CBACD931A2C5 /* Pods-fecApp.debug.xcconfig */ = {isa = PBXFileReference; includeInIndex = 1; lastKnownFileType = text.xcconfig; name = "Pods-fecApp.debug.xcconfig"; path = "Target Support Files/Pods-fecApp/Pods-fecApp.debug.xcconfig"; sourceTree = "<group>"; };
		0CC5B7D5C810F34A6E3C5C99 /* Pods-fecApp-fecAppUITests.debug.xcconfig */ = {isa = PBXFileReference; includeInIndex = 1; lastKnownFileType = text.xcconfig; name = "Pods-fecApp-fecAppUITests.debug.xcconfig"; path = "Target Support Files/Pods-fecApp-fecAppUITests/Pods-fecApp-fecAppUITests.debug.xcconfig"; sourceTree = "<group>"; };
		86F91634C631E8D0BCAEFED8 /* Pods_fecAppTests.framework */ = {isa = PBXFileReference; explicitFileType = wrapper.framework; includeInIndex = 0; path = Pods_fecAppTests.framework; sourceTree = BUILT_PRODUCTS_DIR; };
		9ECF006FD3C9508028D6F495 /* Pods-fecAppTests.debug.xcconfig */ = {isa = PBXFileReference; includeInIndex = 1; lastKnownFileType = text.xcconfig; name = "Pods-fecAppTests.debug.xcconfig"; path = "Target Support Files/Pods-fecAppTests/Pods-fecAppTests.debug.xcconfig"; sourceTree = "<group>"; };
		AEA7CF24C3C5BFCCC4463C66 /* Pods-fecApp-fecAppUITests.release.xcconfig */ = {isa = PBXFileReference; includeInIndex = 1; lastKnownFileType = text.xcconfig; name = "Pods-fecApp-fecAppUITests.release.xcconfig"; path = "Target Support Files/Pods-fecApp-fecAppUITests/Pods-fecApp-fecAppUITests.release.xcconfig"; sourceTree = "<group>"; };
		D34DCCB061E43F77F695EC85 /* Pods_fecApp_fecAppUITests.framework */ = {isa = PBXFileReference; explicitFileType = wrapper.framework; includeInIndex = 0; path = Pods_fecApp_fecAppUITests.framework; sourceTree = BUILT_PRODUCTS_DIR; };
		DD0F4DC03F33C9AB365FE9DF /* Pods-fecApp.release.xcconfig */ = {isa = PBXFileReference; includeInIndex = 1; lastKnownFileType = text.xcconfig; name = "Pods-fecApp.release.xcconfig"; path = "Target Support Files/Pods-fecApp/Pods-fecApp.release.xcconfig"; sourceTree = "<group>"; };
		EDCB9BFE55E1FE04718D9CEA /* Pods-fecAppTests.release.xcconfig */ = {isa = PBXFileReference; includeInIndex = 1; lastKnownFileType = text.xcconfig; name = "Pods-fecAppTests.release.xcconfig"; path = "Target Support Files/Pods-fecAppTests/Pods-fecAppTests.release.xcconfig"; sourceTree = "<group>"; };
		F403D04B28FB7DCF00EE1C71 /* fecApp.app */ = {isa = PBXFileReference; explicitFileType = wrapper.application; includeInIndex = 0; path = fecApp.app; sourceTree = BUILT_PRODUCTS_DIR; };
		F403D04E28FB7DCF00EE1C71 /* AppDelegate.swift */ = {isa = PBXFileReference; lastKnownFileType = sourcecode.swift; path = AppDelegate.swift; sourceTree = "<group>"; };
		F403D05028FB7DCF00EE1C71 /* SceneDelegate.swift */ = {isa = PBXFileReference; lastKnownFileType = sourcecode.swift; path = SceneDelegate.swift; sourceTree = "<group>"; };
		F403D05228FB7DCF00EE1C71 /* SearchCandidateViewController.swift */ = {isa = PBXFileReference; lastKnownFileType = sourcecode.swift; path = SearchCandidateViewController.swift; sourceTree = "<group>"; };
		F403D05728FB7DD100EE1C71 /* Assets.xcassets */ = {isa = PBXFileReference; lastKnownFileType = folder.assetcatalog; path = Assets.xcassets; sourceTree = "<group>"; };
		F403D05A28FB7DD100EE1C71 /* Base */ = {isa = PBXFileReference; lastKnownFileType = file.storyboard; name = Base; path = Base.lproj/LaunchScreen.storyboard; sourceTree = "<group>"; };
		F403D05C28FB7DD100EE1C71 /* Info.plist */ = {isa = PBXFileReference; lastKnownFileType = text.plist.xml; path = Info.plist; sourceTree = "<group>"; };
		F403D06128FB7DD100EE1C71 /* fecAppTests.xctest */ = {isa = PBXFileReference; explicitFileType = wrapper.cfbundle; includeInIndex = 0; path = fecAppTests.xctest; sourceTree = BUILT_PRODUCTS_DIR; };
		F403D06528FB7DD100EE1C71 /* fecAppTests.swift */ = {isa = PBXFileReference; lastKnownFileType = sourcecode.swift; path = fecAppTests.swift; sourceTree = "<group>"; };
		F403D06B28FB7DD100EE1C71 /* fecAppUITests.xctest */ = {isa = PBXFileReference; explicitFileType = wrapper.cfbundle; includeInIndex = 0; path = fecAppUITests.xctest; sourceTree = BUILT_PRODUCTS_DIR; };
		F403D06F28FB7DD100EE1C71 /* fecAppUITests.swift */ = {isa = PBXFileReference; lastKnownFileType = sourcecode.swift; path = fecAppUITests.swift; sourceTree = "<group>"; };
		F403D07128FB7DD100EE1C71 /* fecAppUITestsLaunchTests.swift */ = {isa = PBXFileReference; lastKnownFileType = sourcecode.swift; path = fecAppUITestsLaunchTests.swift; sourceTree = "<group>"; };
		F403D08428FB96B700EE1C71 /* FECApi.swift */ = {isa = PBXFileReference; lastKnownFileType = sourcecode.swift; path = FECApi.swift; sourceTree = "<group>"; };
		F403D08628FCB41200EE1C71 /* CandidatesSearchAPIResponse.swift */ = {isa = PBXFileReference; lastKnownFileType = sourcecode.swift; path = CandidatesSearchAPIResponse.swift; sourceTree = "<group>"; };
		F403D08828FCC8BC00EE1C71 /* Core.swift */ = {isa = PBXFileReference; lastKnownFileType = sourcecode.swift; path = Core.swift; sourceTree = "<group>"; };
		F403D08B28FCCAF300EE1C71 /* Env.xcconfig */ = {isa = PBXFileReference; lastKnownFileType = text.xcconfig; path = Env.xcconfig; sourceTree = "<group>"; };
		F403D08D28FCCB1C00EE1C71 /* Utils.swift */ = {isa = PBXFileReference; lastKnownFileType = sourcecode.swift; path = Utils.swift; sourceTree = "<group>"; };
		F403D09028FCCD4300EE1C71 /* CandidatesSearchViewModel.swift */ = {isa = PBXFileReference; lastKnownFileType = sourcecode.swift; path = CandidatesSearchViewModel.swift; sourceTree = "<group>"; };
		F403D09228FCD42600EE1C71 /* CandidateSearchCellView.swift */ = {isa = PBXFileReference; lastKnownFileType = sourcecode.swift; path = CandidateSearchCellView.swift; sourceTree = "<group>"; };
		F403D09428FE4F5A00EE1C71 /* Constants.swift */ = {isa = PBXFileReference; lastKnownFileType = sourcecode.swift; path = Constants.swift; sourceTree = "<group>"; };
		F403D09828FE563A00EE1C71 /* CandidateDetailsViewController.swift */ = {isa = PBXFileReference; lastKnownFileType = sourcecode.swift; path = CandidateDetailsViewController.swift; sourceTree = "<group>"; };
		F403D09A28FE566400EE1C71 /* CandidateDetailsViewModel.swift */ = {isa = PBXFileReference; lastKnownFileType = sourcecode.swift; path = CandidateDetailsViewModel.swift; sourceTree = "<group>"; };
		F403D09D2902264A00EE1C71 /* Candidate.swift */ = {isa = PBXFileReference; lastKnownFileType = sourcecode.swift; path = Candidate.swift; sourceTree = "<group>"; };
		F41E280A2911E1A100AB0670 /* UITableView.swift */ = {isa = PBXFileReference; lastKnownFileType = sourcecode.swift; path = UITableView.swift; sourceTree = "<group>"; };
		F429F29029189F0300A87D79 /* CandidateFilingAPIResponse.swift */ = {isa = PBXFileReference; lastKnownFileType = sourcecode.swift; path = CandidateFilingAPIResponse.swift; sourceTree = "<group>"; };
		F429F29229189F3A00A87D79 /* CandidateFiling.swift */ = {isa = PBXFileReference; lastKnownFileType = sourcecode.swift; path = CandidateFiling.swift; sourceTree = "<group>"; };
		F429F2942918A27800A87D79 /* CandidateFilingCellView.swift */ = {isa = PBXFileReference; lastKnownFileType = sourcecode.swift; path = CandidateFilingCellView.swift; sourceTree = "<group>"; };
		F430C4C92909F97900DD8493 /* CandidateDetailsTableHeader.swift */ = {isa = PBXFileReference; lastKnownFileType = sourcecode.swift; path = CandidateDetailsTableHeader.swift; sourceTree = "<group>"; };
		F430C4CB290D6D4E00DD8493 /* CandidateDonationsByStateCellView.swift */ = {isa = PBXFileReference; lastKnownFileType = sourcecode.swift; path = CandidateDonationsByStateCellView.swift; sourceTree = "<group>"; };
		F430C4CD290D7E8100DD8493 /* CandidateDonationsByStateAPIResponse.swift */ = {isa = PBXFileReference; lastKnownFileType = sourcecode.swift; path = CandidateDonationsByStateAPIResponse.swift; sourceTree = "<group>"; };
		F430C4CF290D7EC300DD8493 /* CandidateDonationsByState.swift */ = {isa = PBXFileReference; lastKnownFileType = sourcecode.swift; path = CandidateDonationsByState.swift; sourceTree = "<group>"; };
		F430C4D1290E223800DD8493 /* Int.swift */ = {isa = PBXFileReference; lastKnownFileType = sourcecode.swift; path = Int.swift; sourceTree = "<group>"; };
		F430C4D3290ED19D00DD8493 /* StateDonationsDetailsViewController.swift */ = {isa = PBXFileReference; lastKnownFileType = sourcecode.swift; path = StateDonationsDetailsViewController.swift; sourceTree = "<group>"; };
		F430C4D5290ED23400DD8493 /* DonationsByStateCellView.swift */ = {isa = PBXFileReference; lastKnownFileType = sourcecode.swift; path = DonationsByStateCellView.swift; sourceTree = "<group>"; };
		F430C4D7290ED53100DD8493 /* DonationsByStateViewModel.swift */ = {isa = PBXFileReference; lastKnownFileType = sourcecode.swift; path = DonationsByStateViewModel.swift; sourceTree = "<group>"; };
		F430C4D9290F023300DD8493 /* String.swift */ = {isa = PBXFileReference; lastKnownFileType = sourcecode.swift; path = String.swift; sourceTree = "<group>"; };
		F430C4DB290F063A00DD8493 /* StateDonationsDetailsTableHeader.swift */ = {isa = PBXFileReference; lastKnownFileType = sourcecode.swift; path = StateDonationsDetailsTableHeader.swift; sourceTree = "<group>"; };
		F43E21542918ADBC00E0DAD5 /* WebViewController.swift */ = {isa = PBXFileReference; lastKnownFileType = sourcecode.swift; path = WebViewController.swift; sourceTree = "<group>"; };
		F44864E729022E61007F09BE /* CandidateDetailsAPIResponse.swift */ = {isa = PBXFileReference; lastKnownFileType = sourcecode.swift; path = CandidateDetailsAPIResponse.swift; sourceTree = "<group>"; };
		F44864EB2906220A007F09BE /* CandidateFinancialsAPIResponse.swift */ = {isa = PBXFileReference; lastKnownFileType = sourcecode.swift; path = CandidateFinancialsAPIResponse.swift; sourceTree = "<group>"; };
		F44864ED29062247007F09BE /* CandidateFinancials.swift */ = {isa = PBXFileReference; lastKnownFileType = sourcecode.swift; path = CandidateFinancials.swift; sourceTree = "<group>"; };
/* End PBXFileReference section */

/* Begin PBXFrameworksBuildPhase section */
		F403D04828FB7DCF00EE1C71 /* Frameworks */ = {
			isa = PBXFrameworksBuildPhase;
			buildActionMask = 2147483647;
			files = (
				30E9970615B2355A05CAE2C1 /* Pods_fecApp.framework in Frameworks */,
			);
			runOnlyForDeploymentPostprocessing = 0;
		};
		F403D05E28FB7DD100EE1C71 /* Frameworks */ = {
			isa = PBXFrameworksBuildPhase;
			buildActionMask = 2147483647;
			files = (
				7377342A428A2AB4822C0E6F /* Pods_fecAppTests.framework in Frameworks */,
			);
			runOnlyForDeploymentPostprocessing = 0;
		};
		F403D06828FB7DD100EE1C71 /* Frameworks */ = {
			isa = PBXFrameworksBuildPhase;
			buildActionMask = 2147483647;
			files = (
				21EB984AA18B52A6282F04D8 /* Pods_fecApp_fecAppUITests.framework in Frameworks */,
			);
			runOnlyForDeploymentPostprocessing = 0;
		};
/* End PBXFrameworksBuildPhase section */

/* Begin PBXGroup section */
		3A94531ACB79F008315EAFDD /* Pods */ = {
			isa = PBXGroup;
			children = (
				09AE85F1C604CBACD931A2C5 /* Pods-fecApp.debug.xcconfig */,
				DD0F4DC03F33C9AB365FE9DF /* Pods-fecApp.release.xcconfig */,
				0CC5B7D5C810F34A6E3C5C99 /* Pods-fecApp-fecAppUITests.debug.xcconfig */,
				AEA7CF24C3C5BFCCC4463C66 /* Pods-fecApp-fecAppUITests.release.xcconfig */,
				9ECF006FD3C9508028D6F495 /* Pods-fecAppTests.debug.xcconfig */,
				EDCB9BFE55E1FE04718D9CEA /* Pods-fecAppTests.release.xcconfig */,
			);
			path = Pods;
			sourceTree = "<group>";
		};
		8304EB47FCEA0AE32658430E /* Frameworks */ = {
			isa = PBXGroup;
			children = (
				0251D8BE32F56D70C9BB562F /* Pods_fecApp.framework */,
				D34DCCB061E43F77F695EC85 /* Pods_fecApp_fecAppUITests.framework */,
				86F91634C631E8D0BCAEFED8 /* Pods_fecAppTests.framework */,
			);
			name = Frameworks;
			sourceTree = "<group>";
		};
		F403D04228FB7DCF00EE1C71 = {
			isa = PBXGroup;
			children = (
				F403D04D28FB7DCF00EE1C71 /* fecApp */,
				F403D06428FB7DD100EE1C71 /* fecAppTests */,
				F403D06E28FB7DD100EE1C71 /* fecAppUITests */,
				F403D04C28FB7DCF00EE1C71 /* Products */,
				3A94531ACB79F008315EAFDD /* Pods */,
				8304EB47FCEA0AE32658430E /* Frameworks */,
			);
			sourceTree = "<group>";
		};
		F403D04C28FB7DCF00EE1C71 /* Products */ = {
			isa = PBXGroup;
			children = (
				F403D04B28FB7DCF00EE1C71 /* fecApp.app */,
				F403D06128FB7DD100EE1C71 /* fecAppTests.xctest */,
				F403D06B28FB7DD100EE1C71 /* fecAppUITests.xctest */,
			);
			name = Products;
			sourceTree = "<group>";
		};
		F403D04D28FB7DCF00EE1C71 /* fecApp */ = {
			isa = PBXGroup;
			children = (
				F403D08328FB7E6500EE1C71 /* Models */,
				F403D08F28FCCD3600EE1C71 /* ViewModels */,
				F403D08028FB7E2F00EE1C71 /* Views */,
				F403D07F28FB7E2700EE1C71 /* Controllers */,
				F403D07E28FB7E2100EE1C71 /* Core */,
				F403D08228FB7E5B00EE1C71 /* Services */,
				F403D08C28FCCB0D00EE1C71 /* Utils */,
				F403D08128FB7E5200EE1C71 /* Extensions */,
				F403D05728FB7DD100EE1C71 /* Assets.xcassets */,
				F403D05928FB7DD100EE1C71 /* LaunchScreen.storyboard */,
				F403D05C28FB7DD100EE1C71 /* Info.plist */,
				F403D08B28FCCAF300EE1C71 /* Env.xcconfig */,
			);
			path = fecApp;
			sourceTree = "<group>";
		};
		F403D06428FB7DD100EE1C71 /* fecAppTests */ = {
			isa = PBXGroup;
			children = (
				F403D06528FB7DD100EE1C71 /* fecAppTests.swift */,
			);
			path = fecAppTests;
			sourceTree = "<group>";
		};
		F403D06E28FB7DD100EE1C71 /* fecAppUITests */ = {
			isa = PBXGroup;
			children = (
				F403D06F28FB7DD100EE1C71 /* fecAppUITests.swift */,
				F403D07128FB7DD100EE1C71 /* fecAppUITestsLaunchTests.swift */,
			);
			path = fecAppUITests;
			sourceTree = "<group>";
		};
		F403D07E28FB7E2100EE1C71 /* Core */ = {
			isa = PBXGroup;
			children = (
				F403D04E28FB7DCF00EE1C71 /* AppDelegate.swift */,
				F403D05028FB7DCF00EE1C71 /* SceneDelegate.swift */,
			);
			path = Core;
			sourceTree = "<group>";
		};
		F403D07F28FB7E2700EE1C71 /* Controllers */ = {
			isa = PBXGroup;
			children = (
				F403D05228FB7DCF00EE1C71 /* SearchCandidateViewController.swift */,
				F403D09828FE563A00EE1C71 /* CandidateDetailsViewController.swift */,
				F430C4D3290ED19D00DD8493 /* StateDonationsDetailsViewController.swift */,
				F43E21542918ADBC00E0DAD5 /* WebViewController.swift */,
			);
			path = Controllers;
			sourceTree = "<group>";
		};
		F403D08028FB7E2F00EE1C71 /* Views */ = {
			isa = PBXGroup;
			children = (
				F403D09228FCD42600EE1C71 /* CandidateSearchCellView.swift */,
				F430C4DB290F063A00DD8493 /* StateDonationsDetailsTableHeader.swift */,
				F429F2942918A27800A87D79 /* CandidateFilingCellView.swift */,
				F430C4C92909F97900DD8493 /* CandidateDetailsTableHeader.swift */,
				F430C4CB290D6D4E00DD8493 /* CandidateDonationsByStateCellView.swift */,
				F430C4D5290ED23400DD8493 /* DonationsByStateCellView.swift */,
			);
			path = Views;
			sourceTree = "<group>";
		};
		F403D08128FB7E5200EE1C71 /* Extensions */ = {
			isa = PBXGroup;
			children = (
				F430C4D1290E223800DD8493 /* Int.swift */,
				F430C4D9290F023300DD8493 /* String.swift */,
				F41E280A2911E1A100AB0670 /* UITableView.swift */,
			);
			path = Extensions;
			sourceTree = "<group>";
		};
		F403D08228FB7E5B00EE1C71 /* Services */ = {
			isa = PBXGroup;
			children = (
				F403D08428FB96B700EE1C71 /* FECApi.swift */,
			);
			path = Services;
			sourceTree = "<group>";
		};
		F403D08328FB7E6500EE1C71 /* Models */ = {
			isa = PBXGroup;
			children = (
				F403D09C2902263800EE1C71 /* APIResponses */,
				F403D08828FCC8BC00EE1C71 /* Core.swift */,
				F403D09D2902264A00EE1C71 /* Candidate.swift */,
				F430C4CF290D7EC300DD8493 /* CandidateDonationsByState.swift */,
				F44864ED29062247007F09BE /* CandidateFinancials.swift */,
				F429F29229189F3A00A87D79 /* CandidateFiling.swift */,
			);
			path = Models;
			sourceTree = "<group>";
		};
		F403D08C28FCCB0D00EE1C71 /* Utils */ = {
			isa = PBXGroup;
			children = (
				F403D08D28FCCB1C00EE1C71 /* Utils.swift */,
				F403D09428FE4F5A00EE1C71 /* Constants.swift */,
			);
			path = Utils;
			sourceTree = "<group>";
		};
		F403D08F28FCCD3600EE1C71 /* ViewModels */ = {
			isa = PBXGroup;
			children = (
				F403D09028FCCD4300EE1C71 /* CandidatesSearchViewModel.swift */,
				F403D09A28FE566400EE1C71 /* CandidateDetailsViewModel.swift */,
				F430C4D7290ED53100DD8493 /* DonationsByStateViewModel.swift */,
			);
			path = ViewModels;
			sourceTree = "<group>";
		};
		F403D09C2902263800EE1C71 /* APIResponses */ = {
			isa = PBXGroup;
			children = (
				F403D08628FCB41200EE1C71 /* CandidatesSearchAPIResponse.swift */,
				F44864E729022E61007F09BE /* CandidateDetailsAPIResponse.swift */,
				F44864EB2906220A007F09BE /* CandidateFinancialsAPIResponse.swift */,
				F429F29029189F0300A87D79 /* CandidateFilingAPIResponse.swift */,
				F430C4CD290D7E8100DD8493 /* CandidateDonationsByStateAPIResponse.swift */,
			);
			path = APIResponses;
			sourceTree = "<group>";
		};
/* End PBXGroup section */

/* Begin PBXNativeTarget section */
		F403D04A28FB7DCF00EE1C71 /* fecApp */ = {
			isa = PBXNativeTarget;
			buildConfigurationList = F403D07528FB7DD100EE1C71 /* Build configuration list for PBXNativeTarget "fecApp" */;
			buildPhases = (
				B397AB8CCCB1070003A8C4C7 /* [CP] Check Pods Manifest.lock */,
				F403D04728FB7DCF00EE1C71 /* Sources */,
				F403D04828FB7DCF00EE1C71 /* Frameworks */,
				F403D04928FB7DCF00EE1C71 /* Resources */,
				F2F9119A6E617728A1815091 /* [CP] Embed Pods Frameworks */,
			);
			buildRules = (
			);
			dependencies = (
			);
			name = fecApp;
			productName = fecApp;
			productReference = F403D04B28FB7DCF00EE1C71 /* fecApp.app */;
			productType = "com.apple.product-type.application";
		};
		F403D06028FB7DD100EE1C71 /* fecAppTests */ = {
			isa = PBXNativeTarget;
			buildConfigurationList = F403D07828FB7DD100EE1C71 /* Build configuration list for PBXNativeTarget "fecAppTests" */;
			buildPhases = (
				3EEE986B42E0DE11F77BA817 /* [CP] Check Pods Manifest.lock */,
				F403D05D28FB7DD100EE1C71 /* Sources */,
				F403D05E28FB7DD100EE1C71 /* Frameworks */,
				F403D05F28FB7DD100EE1C71 /* Resources */,
			);
			buildRules = (
			);
			dependencies = (
				F403D06328FB7DD100EE1C71 /* PBXTargetDependency */,
			);
			name = fecAppTests;
			productName = fecAppTests;
			productReference = F403D06128FB7DD100EE1C71 /* fecAppTests.xctest */;
			productType = "com.apple.product-type.bundle.unit-test";
		};
		F403D06A28FB7DD100EE1C71 /* fecAppUITests */ = {
			isa = PBXNativeTarget;
			buildConfigurationList = F403D07B28FB7DD100EE1C71 /* Build configuration list for PBXNativeTarget "fecAppUITests" */;
			buildPhases = (
				ABAED4AF9AFA96ED7DAFFFCC /* [CP] Check Pods Manifest.lock */,
				F403D06728FB7DD100EE1C71 /* Sources */,
				F403D06828FB7DD100EE1C71 /* Frameworks */,
				F403D06928FB7DD100EE1C71 /* Resources */,
				AB58126C478FDA33574E610A /* [CP] Embed Pods Frameworks */,
			);
			buildRules = (
			);
			dependencies = (
				F403D06D28FB7DD100EE1C71 /* PBXTargetDependency */,
			);
			name = fecAppUITests;
			productName = fecAppUITests;
			productReference = F403D06B28FB7DD100EE1C71 /* fecAppUITests.xctest */;
			productType = "com.apple.product-type.bundle.ui-testing";
		};
/* End PBXNativeTarget section */

/* Begin PBXProject section */
		F403D04328FB7DCF00EE1C71 /* Project object */ = {
			isa = PBXProject;
			attributes = {
				BuildIndependentTargetsInParallel = 1;
				LastSwiftUpdateCheck = 1400;
				LastUpgradeCheck = 1400;
				TargetAttributes = {
					F403D04A28FB7DCF00EE1C71 = {
						CreatedOnToolsVersion = 14.0.1;
					};
					F403D06028FB7DD100EE1C71 = {
						CreatedOnToolsVersion = 14.0.1;
						TestTargetID = F403D04A28FB7DCF00EE1C71;
					};
					F403D06A28FB7DD100EE1C71 = {
						CreatedOnToolsVersion = 14.0.1;
						TestTargetID = F403D04A28FB7DCF00EE1C71;
					};
				};
			};
			buildConfigurationList = F403D04628FB7DCF00EE1C71 /* Build configuration list for PBXProject "fecApp" */;
			compatibilityVersion = "Xcode 14.0";
			developmentRegion = en;
			hasScannedForEncodings = 0;
			knownRegions = (
				en,
				Base,
			);
			mainGroup = F403D04228FB7DCF00EE1C71;
			productRefGroup = F403D04C28FB7DCF00EE1C71 /* Products */;
			projectDirPath = "";
			projectRoot = "";
			targets = (
				F403D04A28FB7DCF00EE1C71 /* fecApp */,
				F403D06028FB7DD100EE1C71 /* fecAppTests */,
				F403D06A28FB7DD100EE1C71 /* fecAppUITests */,
			);
		};
/* End PBXProject section */

/* Begin PBXResourcesBuildPhase section */
		F403D04928FB7DCF00EE1C71 /* Resources */ = {
			isa = PBXResourcesBuildPhase;
			buildActionMask = 2147483647;
			files = (
				F403D05B28FB7DD100EE1C71 /* LaunchScreen.storyboard in Resources */,
				F403D05828FB7DD100EE1C71 /* Assets.xcassets in Resources */,
			);
			runOnlyForDeploymentPostprocessing = 0;
		};
		F403D05F28FB7DD100EE1C71 /* Resources */ = {
			isa = PBXResourcesBuildPhase;
			buildActionMask = 2147483647;
			files = (
			);
			runOnlyForDeploymentPostprocessing = 0;
		};
		F403D06928FB7DD100EE1C71 /* Resources */ = {
			isa = PBXResourcesBuildPhase;
			buildActionMask = 2147483647;
			files = (
			);
			runOnlyForDeploymentPostprocessing = 0;
		};
/* End PBXResourcesBuildPhase section */

/* Begin PBXShellScriptBuildPhase section */
		3EEE986B42E0DE11F77BA817 /* [CP] Check Pods Manifest.lock */ = {
			isa = PBXShellScriptBuildPhase;
			buildActionMask = 2147483647;
			files = (
			);
			inputFileListPaths = (
			);
			inputPaths = (
				"${PODS_PODFILE_DIR_PATH}/Podfile.lock",
				"${PODS_ROOT}/Manifest.lock",
			);
			name = "[CP] Check Pods Manifest.lock";
			outputFileListPaths = (
			);
			outputPaths = (
				"$(DERIVED_FILE_DIR)/Pods-fecAppTests-checkManifestLockResult.txt",
			);
			runOnlyForDeploymentPostprocessing = 0;
			shellPath = /bin/sh;
			shellScript = "diff \"${PODS_PODFILE_DIR_PATH}/Podfile.lock\" \"${PODS_ROOT}/Manifest.lock\" > /dev/null\nif [ $? != 0 ] ; then\n    # print error to STDERR\n    echo \"error: The sandbox is not in sync with the Podfile.lock. Run 'pod install' or update your CocoaPods installation.\" >&2\n    exit 1\nfi\n# This output is used by Xcode 'outputs' to avoid re-running this script phase.\necho \"SUCCESS\" > \"${SCRIPT_OUTPUT_FILE_0}\"\n";
			showEnvVarsInLog = 0;
		};
		AB58126C478FDA33574E610A /* [CP] Embed Pods Frameworks */ = {
			isa = PBXShellScriptBuildPhase;
			buildActionMask = 2147483647;
			files = (
			);
			inputFileListPaths = (
				"${PODS_ROOT}/Target Support Files/Pods-fecApp-fecAppUITests/Pods-fecApp-fecAppUITests-frameworks-${CONFIGURATION}-input-files.xcfilelist",
			);
			name = "[CP] Embed Pods Frameworks";
			outputFileListPaths = (
				"${PODS_ROOT}/Target Support Files/Pods-fecApp-fecAppUITests/Pods-fecApp-fecAppUITests-frameworks-${CONFIGURATION}-output-files.xcfilelist",
			);
			runOnlyForDeploymentPostprocessing = 0;
			shellPath = /bin/sh;
			shellScript = "\"${PODS_ROOT}/Target Support Files/Pods-fecApp-fecAppUITests/Pods-fecApp-fecAppUITests-frameworks.sh\"\n";
			showEnvVarsInLog = 0;
		};
		ABAED4AF9AFA96ED7DAFFFCC /* [CP] Check Pods Manifest.lock */ = {
			isa = PBXShellScriptBuildPhase;
			buildActionMask = 2147483647;
			files = (
			);
			inputFileListPaths = (
			);
			inputPaths = (
				"${PODS_PODFILE_DIR_PATH}/Podfile.lock",
				"${PODS_ROOT}/Manifest.lock",
			);
			name = "[CP] Check Pods Manifest.lock";
			outputFileListPaths = (
			);
			outputPaths = (
				"$(DERIVED_FILE_DIR)/Pods-fecApp-fecAppUITests-checkManifestLockResult.txt",
			);
			runOnlyForDeploymentPostprocessing = 0;
			shellPath = /bin/sh;
			shellScript = "diff \"${PODS_PODFILE_DIR_PATH}/Podfile.lock\" \"${PODS_ROOT}/Manifest.lock\" > /dev/null\nif [ $? != 0 ] ; then\n    # print error to STDERR\n    echo \"error: The sandbox is not in sync with the Podfile.lock. Run 'pod install' or update your CocoaPods installation.\" >&2\n    exit 1\nfi\n# This output is used by Xcode 'outputs' to avoid re-running this script phase.\necho \"SUCCESS\" > \"${SCRIPT_OUTPUT_FILE_0}\"\n";
			showEnvVarsInLog = 0;
		};
		B397AB8CCCB1070003A8C4C7 /* [CP] Check Pods Manifest.lock */ = {
			isa = PBXShellScriptBuildPhase;
			buildActionMask = 2147483647;
			files = (
			);
			inputFileListPaths = (
			);
			inputPaths = (
				"${PODS_PODFILE_DIR_PATH}/Podfile.lock",
				"${PODS_ROOT}/Manifest.lock",
			);
			name = "[CP] Check Pods Manifest.lock";
			outputFileListPaths = (
			);
			outputPaths = (
				"$(DERIVED_FILE_DIR)/Pods-fecApp-checkManifestLockResult.txt",
			);
			runOnlyForDeploymentPostprocessing = 0;
			shellPath = /bin/sh;
			shellScript = "diff \"${PODS_PODFILE_DIR_PATH}/Podfile.lock\" \"${PODS_ROOT}/Manifest.lock\" > /dev/null\nif [ $? != 0 ] ; then\n    # print error to STDERR\n    echo \"error: The sandbox is not in sync with the Podfile.lock. Run 'pod install' or update your CocoaPods installation.\" >&2\n    exit 1\nfi\n# This output is used by Xcode 'outputs' to avoid re-running this script phase.\necho \"SUCCESS\" > \"${SCRIPT_OUTPUT_FILE_0}\"\n";
			showEnvVarsInLog = 0;
		};
		F2F9119A6E617728A1815091 /* [CP] Embed Pods Frameworks */ = {
			isa = PBXShellScriptBuildPhase;
			buildActionMask = 2147483647;
			files = (
			);
			inputFileListPaths = (
				"${PODS_ROOT}/Target Support Files/Pods-fecApp/Pods-fecApp-frameworks-${CONFIGURATION}-input-files.xcfilelist",
			);
			name = "[CP] Embed Pods Frameworks";
			outputFileListPaths = (
				"${PODS_ROOT}/Target Support Files/Pods-fecApp/Pods-fecApp-frameworks-${CONFIGURATION}-output-files.xcfilelist",
			);
			runOnlyForDeploymentPostprocessing = 0;
			shellPath = /bin/sh;
			shellScript = "\"${PODS_ROOT}/Target Support Files/Pods-fecApp/Pods-fecApp-frameworks.sh\"\n";
			showEnvVarsInLog = 0;
		};
/* End PBXShellScriptBuildPhase section */

/* Begin PBXSourcesBuildPhase section */
		F403D04728FB7DCF00EE1C71 /* Sources */ = {
			isa = PBXSourcesBuildPhase;
			buildActionMask = 2147483647;
			files = (
				F44864E829022E61007F09BE /* CandidateDetailsAPIResponse.swift in Sources */,
				F403D08928FCC8BC00EE1C71 /* Core.swift in Sources */,
				F430C4D0290D7EC300DD8493 /* CandidateDonationsByState.swift in Sources */,
				F430C4D2290E223800DD8493 /* Int.swift in Sources */,
				F403D05328FB7DCF00EE1C71 /* SearchCandidateViewController.swift in Sources */,
				F41E280B2911E1A100AB0670 /* UITableView.swift in Sources */,
				F403D04F28FB7DCF00EE1C71 /* AppDelegate.swift in Sources */,
				F403D09328FCD42600EE1C71 /* CandidateSearchCellView.swift in Sources */,
				F430C4D6290ED23400DD8493 /* DonationsByStateCellView.swift in Sources */,
				F44864EC2906220A007F09BE /* CandidateFinancialsAPIResponse.swift in Sources */,
				F429F29329189F3A00A87D79 /* CandidateFiling.swift in Sources */,
				F430C4D8290ED53100DD8493 /* DonationsByStateViewModel.swift in Sources */,
				F430C4CE290D7E8100DD8493 /* CandidateDonationsByStateAPIResponse.swift in Sources */,
				F429F29129189F0300A87D79 /* CandidateFilingAPIResponse.swift in Sources */,
				F430C4DC290F063A00DD8493 /* StateDonationsDetailsTableHeader.swift in Sources */,
				F430C4D4290ED19D00DD8493 /* StateDonationsDetailsViewController.swift in Sources */,
				F430C4CC290D6D4E00DD8493 /* CandidateDonationsByStateCellView.swift in Sources */,
				F403D08E28FCCB1C00EE1C71 /* Utils.swift in Sources */,
				F403D09528FE4F5A00EE1C71 /* Constants.swift in Sources */,
				F403D09128FCCD4300EE1C71 /* CandidatesSearchViewModel.swift in Sources */,
				F429F2952918A27800A87D79 /* CandidateFilingCellView.swift in Sources */,
				F44864EE29062247007F09BE /* CandidateFinancials.swift in Sources */,
				F430C4DA290F023300DD8493 /* String.swift in Sources */,
				F403D05128FB7DCF00EE1C71 /* SceneDelegate.swift in Sources */,
				F430C4CA2909F97900DD8493 /* CandidateDetailsTableHeader.swift in Sources */,
				F403D09928FE563A00EE1C71 /* CandidateDetailsViewController.swift in Sources */,
				F403D09E2902264A00EE1C71 /* Candidate.swift in Sources */,
				F403D09B28FE566400EE1C71 /* CandidateDetailsViewModel.swift in Sources */,
				F43E21552918ADBC00E0DAD5 /* WebViewController.swift in Sources */,
				F403D08728FCB41200EE1C71 /* CandidatesSearchAPIResponse.swift in Sources */,
				F403D08528FB96B700EE1C71 /* FECApi.swift in Sources */,
			);
			runOnlyForDeploymentPostprocessing = 0;
		};
		F403D05D28FB7DD100EE1C71 /* Sources */ = {
			isa = PBXSourcesBuildPhase;
			buildActionMask = 2147483647;
			files = (
				F403D06628FB7DD100EE1C71 /* fecAppTests.swift in Sources */,
			);
			runOnlyForDeploymentPostprocessing = 0;
		};
		F403D06728FB7DD100EE1C71 /* Sources */ = {
			isa = PBXSourcesBuildPhase;
			buildActionMask = 2147483647;
			files = (
				F403D07028FB7DD100EE1C71 /* fecAppUITests.swift in Sources */,
				F403D07228FB7DD100EE1C71 /* fecAppUITestsLaunchTests.swift in Sources */,
			);
			runOnlyForDeploymentPostprocessing = 0;
		};
/* End PBXSourcesBuildPhase section */

/* Begin PBXTargetDependency section */
		F403D06328FB7DD100EE1C71 /* PBXTargetDependency */ = {
			isa = PBXTargetDependency;
			target = F403D04A28FB7DCF00EE1C71 /* fecApp */;
			targetProxy = F403D06228FB7DD100EE1C71 /* PBXContainerItemProxy */;
		};
		F403D06D28FB7DD100EE1C71 /* PBXTargetDependency */ = {
			isa = PBXTargetDependency;
			target = F403D04A28FB7DCF00EE1C71 /* fecApp */;
			targetProxy = F403D06C28FB7DD100EE1C71 /* PBXContainerItemProxy */;
		};
/* End PBXTargetDependency section */

/* Begin PBXVariantGroup section */
		F403D05928FB7DD100EE1C71 /* LaunchScreen.storyboard */ = {
			isa = PBXVariantGroup;
			children = (
				F403D05A28FB7DD100EE1C71 /* Base */,
			);
			name = LaunchScreen.storyboard;
			sourceTree = "<group>";
		};
/* End PBXVariantGroup section */

/* Begin XCBuildConfiguration section */
		F403D07328FB7DD100EE1C71 /* Debug */ = {
			isa = XCBuildConfiguration;
			baseConfigurationReference = F403D08B28FCCAF300EE1C71 /* Env.xcconfig */;
			buildSettings = {
				ALWAYS_SEARCH_USER_PATHS = NO;
				CLANG_ANALYZER_NONNULL = YES;
				CLANG_ANALYZER_NUMBER_OBJECT_CONVERSION = YES_AGGRESSIVE;
				CLANG_CXX_LANGUAGE_STANDARD = "gnu++20";
				CLANG_ENABLE_MODULES = YES;
				CLANG_ENABLE_OBJC_ARC = YES;
				CLANG_ENABLE_OBJC_WEAK = YES;
				CLANG_WARN_BLOCK_CAPTURE_AUTORELEASING = YES;
				CLANG_WARN_BOOL_CONVERSION = YES;
				CLANG_WARN_COMMA = YES;
				CLANG_WARN_CONSTANT_CONVERSION = YES;
				CLANG_WARN_DEPRECATED_OBJC_IMPLEMENTATIONS = YES;
				CLANG_WARN_DIRECT_OBJC_ISA_USAGE = YES_ERROR;
				CLANG_WARN_DOCUMENTATION_COMMENTS = YES;
				CLANG_WARN_EMPTY_BODY = YES;
				CLANG_WARN_ENUM_CONVERSION = YES;
				CLANG_WARN_INFINITE_RECURSION = YES;
				CLANG_WARN_INT_CONVERSION = YES;
				CLANG_WARN_NON_LITERAL_NULL_CONVERSION = YES;
				CLANG_WARN_OBJC_IMPLICIT_RETAIN_SELF = YES;
				CLANG_WARN_OBJC_LITERAL_CONVERSION = YES;
				CLANG_WARN_OBJC_ROOT_CLASS = YES_ERROR;
				CLANG_WARN_QUOTED_INCLUDE_IN_FRAMEWORK_HEADER = YES;
				CLANG_WARN_RANGE_LOOP_ANALYSIS = YES;
				CLANG_WARN_STRICT_PROTOTYPES = YES;
				CLANG_WARN_SUSPICIOUS_MOVE = YES;
				CLANG_WARN_UNGUARDED_AVAILABILITY = YES_AGGRESSIVE;
				CLANG_WARN_UNREACHABLE_CODE = YES;
				CLANG_WARN__DUPLICATE_METHOD_MATCH = YES;
				COPY_PHASE_STRIP = NO;
				DEBUG_INFORMATION_FORMAT = dwarf;
				ENABLE_STRICT_OBJC_MSGSEND = YES;
				ENABLE_TESTABILITY = YES;
				GCC_C_LANGUAGE_STANDARD = gnu11;
				GCC_DYNAMIC_NO_PIC = NO;
				GCC_NO_COMMON_BLOCKS = YES;
				GCC_OPTIMIZATION_LEVEL = 0;
				GCC_PREPROCESSOR_DEFINITIONS = (
					"DEBUG=1",
					"$(inherited)",
				);
				GCC_WARN_64_TO_32_BIT_CONVERSION = YES;
				GCC_WARN_ABOUT_RETURN_TYPE = YES_ERROR;
				GCC_WARN_UNDECLARED_SELECTOR = YES;
				GCC_WARN_UNINITIALIZED_AUTOS = YES_AGGRESSIVE;
				GCC_WARN_UNUSED_FUNCTION = YES;
				GCC_WARN_UNUSED_VARIABLE = YES;
				IPHONEOS_DEPLOYMENT_TARGET = 16.0;
				MTL_ENABLE_DEBUG_INFO = INCLUDE_SOURCE;
				MTL_FAST_MATH = YES;
				ONLY_ACTIVE_ARCH = YES;
				SDKROOT = iphoneos;
				SWIFT_ACTIVE_COMPILATION_CONDITIONS = DEBUG;
				SWIFT_OPTIMIZATION_LEVEL = "-Onone";
			};
			name = Debug;
		};
		F403D07428FB7DD100EE1C71 /* Release */ = {
			isa = XCBuildConfiguration;
			baseConfigurationReference = F403D08B28FCCAF300EE1C71 /* Env.xcconfig */;
			buildSettings = {
				ALWAYS_SEARCH_USER_PATHS = NO;
				CLANG_ANALYZER_NONNULL = YES;
				CLANG_ANALYZER_NUMBER_OBJECT_CONVERSION = YES_AGGRESSIVE;
				CLANG_CXX_LANGUAGE_STANDARD = "gnu++20";
				CLANG_ENABLE_MODULES = YES;
				CLANG_ENABLE_OBJC_ARC = YES;
				CLANG_ENABLE_OBJC_WEAK = YES;
				CLANG_WARN_BLOCK_CAPTURE_AUTORELEASING = YES;
				CLANG_WARN_BOOL_CONVERSION = YES;
				CLANG_WARN_COMMA = YES;
				CLANG_WARN_CONSTANT_CONVERSION = YES;
				CLANG_WARN_DEPRECATED_OBJC_IMPLEMENTATIONS = YES;
				CLANG_WARN_DIRECT_OBJC_ISA_USAGE = YES_ERROR;
				CLANG_WARN_DOCUMENTATION_COMMENTS = YES;
				CLANG_WARN_EMPTY_BODY = YES;
				CLANG_WARN_ENUM_CONVERSION = YES;
				CLANG_WARN_INFINITE_RECURSION = YES;
				CLANG_WARN_INT_CONVERSION = YES;
				CLANG_WARN_NON_LITERAL_NULL_CONVERSION = YES;
				CLANG_WARN_OBJC_IMPLICIT_RETAIN_SELF = YES;
				CLANG_WARN_OBJC_LITERAL_CONVERSION = YES;
				CLANG_WARN_OBJC_ROOT_CLASS = YES_ERROR;
				CLANG_WARN_QUOTED_INCLUDE_IN_FRAMEWORK_HEADER = YES;
				CLANG_WARN_RANGE_LOOP_ANALYSIS = YES;
				CLANG_WARN_STRICT_PROTOTYPES = YES;
				CLANG_WARN_SUSPICIOUS_MOVE = YES;
				CLANG_WARN_UNGUARDED_AVAILABILITY = YES_AGGRESSIVE;
				CLANG_WARN_UNREACHABLE_CODE = YES;
				CLANG_WARN__DUPLICATE_METHOD_MATCH = YES;
				COPY_PHASE_STRIP = NO;
				DEBUG_INFORMATION_FORMAT = "dwarf-with-dsym";
				ENABLE_NS_ASSERTIONS = NO;
				ENABLE_STRICT_OBJC_MSGSEND = YES;
				GCC_C_LANGUAGE_STANDARD = gnu11;
				GCC_NO_COMMON_BLOCKS = YES;
				GCC_WARN_64_TO_32_BIT_CONVERSION = YES;
				GCC_WARN_ABOUT_RETURN_TYPE = YES_ERROR;
				GCC_WARN_UNDECLARED_SELECTOR = YES;
				GCC_WARN_UNINITIALIZED_AUTOS = YES_AGGRESSIVE;
				GCC_WARN_UNUSED_FUNCTION = YES;
				GCC_WARN_UNUSED_VARIABLE = YES;
				IPHONEOS_DEPLOYMENT_TARGET = 16.0;
				MTL_ENABLE_DEBUG_INFO = NO;
				MTL_FAST_MATH = YES;
				SDKROOT = iphoneos;
				SWIFT_COMPILATION_MODE = wholemodule;
				SWIFT_OPTIMIZATION_LEVEL = "-O";
				VALIDATE_PRODUCT = YES;
			};
			name = Release;
		};
		F403D07628FB7DD100EE1C71 /* Debug */ = {
			isa = XCBuildConfiguration;
			baseConfigurationReference = 09AE85F1C604CBACD931A2C5 /* Pods-fecApp.debug.xcconfig */;
			buildSettings = {
				ASSETCATALOG_COMPILER_APPICON_NAME = AppIcon;
				ASSETCATALOG_COMPILER_GLOBAL_ACCENT_COLOR_NAME = AccentColor;
				CODE_SIGN_STYLE = Automatic;
				CURRENT_PROJECT_VERSION = 1;
				DEVELOPMENT_TEAM = DQ7CFP6525;
				GENERATE_INFOPLIST_FILE = YES;
				INFOPLIST_FILE = fecApp/Info.plist;
				INFOPLIST_KEY_UIApplicationSupportsIndirectInputEvents = YES;
				INFOPLIST_KEY_UILaunchStoryboardName = LaunchScreen;
				INFOPLIST_KEY_UIMainStoryboardFile = "";
				INFOPLIST_KEY_UISupportedInterfaceOrientations_iPad = "UIInterfaceOrientationPortrait UIInterfaceOrientationPortraitUpsideDown UIInterfaceOrientationLandscapeLeft UIInterfaceOrientationLandscapeRight";
				INFOPLIST_KEY_UISupportedInterfaceOrientations_iPhone = "UIInterfaceOrientationPortrait UIInterfaceOrientationLandscapeLeft UIInterfaceOrientationLandscapeRight";
				LD_RUNPATH_SEARCH_PATHS = (
					"$(inherited)",
					"@executable_path/Frameworks",
				);
				MARKETING_VERSION = 1.0;
				PRODUCT_BUNDLE_IDENTIFIER = com.kaya.fecApp;
				PRODUCT_NAME = "$(TARGET_NAME)";
				SWIFT_EMIT_LOC_STRINGS = YES;
				SWIFT_VERSION = 5.0;
				TARGETED_DEVICE_FAMILY = "1,2";
			};
			name = Debug;
		};
		F403D07728FB7DD100EE1C71 /* Release */ = {
			isa = XCBuildConfiguration;
			baseConfigurationReference = DD0F4DC03F33C9AB365FE9DF /* Pods-fecApp.release.xcconfig */;
			buildSettings = {
				ASSETCATALOG_COMPILER_APPICON_NAME = AppIcon;
				ASSETCATALOG_COMPILER_GLOBAL_ACCENT_COLOR_NAME = AccentColor;
				CODE_SIGN_STYLE = Automatic;
				CURRENT_PROJECT_VERSION = 1;
				DEVELOPMENT_TEAM = DQ7CFP6525;
				GENERATE_INFOPLIST_FILE = YES;
				INFOPLIST_FILE = fecApp/Info.plist;
				INFOPLIST_KEY_UIApplicationSupportsIndirectInputEvents = YES;
				INFOPLIST_KEY_UILaunchStoryboardName = LaunchScreen;
				INFOPLIST_KEY_UIMainStoryboardFile = "";
				INFOPLIST_KEY_UISupportedInterfaceOrientations_iPad = "UIInterfaceOrientationPortrait UIInterfaceOrientationPortraitUpsideDown UIInterfaceOrientationLandscapeLeft UIInterfaceOrientationLandscapeRight";
				INFOPLIST_KEY_UISupportedInterfaceOrientations_iPhone = "UIInterfaceOrientationPortrait UIInterfaceOrientationLandscapeLeft UIInterfaceOrientationLandscapeRight";
				LD_RUNPATH_SEARCH_PATHS = (
					"$(inherited)",
					"@executable_path/Frameworks",
				);
				MARKETING_VERSION = 1.0;
				PRODUCT_BUNDLE_IDENTIFIER = com.kaya.fecApp;
				PRODUCT_NAME = "$(TARGET_NAME)";
				SWIFT_EMIT_LOC_STRINGS = YES;
				SWIFT_VERSION = 5.0;
				TARGETED_DEVICE_FAMILY = "1,2";
			};
			name = Release;
		};
		F403D07928FB7DD100EE1C71 /* Debug */ = {
			isa = XCBuildConfiguration;
			baseConfigurationReference = 9ECF006FD3C9508028D6F495 /* Pods-fecAppTests.debug.xcconfig */;
			buildSettings = {
				ALWAYS_EMBED_SWIFT_STANDARD_LIBRARIES = YES;
				BUNDLE_LOADER = "$(TEST_HOST)";
				CODE_SIGN_STYLE = Automatic;
				CURRENT_PROJECT_VERSION = 1;
				DEVELOPMENT_TEAM = DQ7CFP6525;
				GENERATE_INFOPLIST_FILE = YES;
				IPHONEOS_DEPLOYMENT_TARGET = 16.0;
				MARKETING_VERSION = 1.0;
				PRODUCT_BUNDLE_IDENTIFIER = com.kaya.fecAppTests;
				PRODUCT_NAME = "$(TARGET_NAME)";
				SWIFT_EMIT_LOC_STRINGS = NO;
				SWIFT_VERSION = 5.0;
				TARGETED_DEVICE_FAMILY = "1,2";
				TEST_HOST = "$(BUILT_PRODUCTS_DIR)/fecApp.app/$(BUNDLE_EXECUTABLE_FOLDER_PATH)/fecApp";
			};
			name = Debug;
		};
		F403D07A28FB7DD100EE1C71 /* Release */ = {
			isa = XCBuildConfiguration;
			baseConfigurationReference = EDCB9BFE55E1FE04718D9CEA /* Pods-fecAppTests.release.xcconfig */;
			buildSettings = {
				ALWAYS_EMBED_SWIFT_STANDARD_LIBRARIES = YES;
				BUNDLE_LOADER = "$(TEST_HOST)";
				CODE_SIGN_STYLE = Automatic;
				CURRENT_PROJECT_VERSION = 1;
				DEVELOPMENT_TEAM = DQ7CFP6525;
				GENERATE_INFOPLIST_FILE = YES;
				IPHONEOS_DEPLOYMENT_TARGET = 16.0;
				MARKETING_VERSION = 1.0;
				PRODUCT_BUNDLE_IDENTIFIER = com.kaya.fecAppTests;
				PRODUCT_NAME = "$(TARGET_NAME)";
				SWIFT_EMIT_LOC_STRINGS = NO;
				SWIFT_VERSION = 5.0;
				TARGETED_DEVICE_FAMILY = "1,2";
				TEST_HOST = "$(BUILT_PRODUCTS_DIR)/fecApp.app/$(BUNDLE_EXECUTABLE_FOLDER_PATH)/fecApp";
			};
			name = Release;
		};
		F403D07C28FB7DD100EE1C71 /* Debug */ = {
			isa = XCBuildConfiguration;
			baseConfigurationReference = 0CC5B7D5C810F34A6E3C5C99 /* Pods-fecApp-fecAppUITests.debug.xcconfig */;
			buildSettings = {
				ALWAYS_EMBED_SWIFT_STANDARD_LIBRARIES = YES;
				CODE_SIGN_STYLE = Automatic;
				CURRENT_PROJECT_VERSION = 1;
				DEVELOPMENT_TEAM = DQ7CFP6525;
				GENERATE_INFOPLIST_FILE = YES;
				MARKETING_VERSION = 1.0;
				PRODUCT_BUNDLE_IDENTIFIER = com.kaya.fecAppUITests;
				PRODUCT_NAME = "$(TARGET_NAME)";
				SWIFT_EMIT_LOC_STRINGS = NO;
				SWIFT_VERSION = 5.0;
				TARGETED_DEVICE_FAMILY = "1,2";
				TEST_TARGET_NAME = fecApp;
			};
			name = Debug;
		};
		F403D07D28FB7DD100EE1C71 /* Release */ = {
			isa = XCBuildConfiguration;
			baseConfigurationReference = AEA7CF24C3C5BFCCC4463C66 /* Pods-fecApp-fecAppUITests.release.xcconfig */;
			buildSettings = {
				ALWAYS_EMBED_SWIFT_STANDARD_LIBRARIES = YES;
				CODE_SIGN_STYLE = Automatic;
				CURRENT_PROJECT_VERSION = 1;
				DEVELOPMENT_TEAM = DQ7CFP6525;
				GENERATE_INFOPLIST_FILE = YES;
				MARKETING_VERSION = 1.0;
				PRODUCT_BUNDLE_IDENTIFIER = com.kaya.fecAppUITests;
				PRODUCT_NAME = "$(TARGET_NAME)";
				SWIFT_EMIT_LOC_STRINGS = NO;
				SWIFT_VERSION = 5.0;
				TARGETED_DEVICE_FAMILY = "1,2";
				TEST_TARGET_NAME = fecApp;
			};
			name = Release;
		};
/* End XCBuildConfiguration section */

/* Begin XCConfigurationList section */
		F403D04628FB7DCF00EE1C71 /* Build configuration list for PBXProject "fecApp" */ = {
			isa = XCConfigurationList;
			buildConfigurations = (
				F403D07328FB7DD100EE1C71 /* Debug */,
				F403D07428FB7DD100EE1C71 /* Release */,
			);
			defaultConfigurationIsVisible = 0;
			defaultConfigurationName = Release;
		};
		F403D07528FB7DD100EE1C71 /* Build configuration list for PBXNativeTarget "fecApp" */ = {
			isa = XCConfigurationList;
			buildConfigurations = (
				F403D07628FB7DD100EE1C71 /* Debug */,
				F403D07728FB7DD100EE1C71 /* Release */,
			);
			defaultConfigurationIsVisible = 0;
			defaultConfigurationName = Release;
		};
		F403D07828FB7DD100EE1C71 /* Build configuration list for PBXNativeTarget "fecAppTests" */ = {
			isa = XCConfigurationList;
			buildConfigurations = (
				F403D07928FB7DD100EE1C71 /* Debug */,
				F403D07A28FB7DD100EE1C71 /* Release */,
			);
			defaultConfigurationIsVisible = 0;
			defaultConfigurationName = Release;
		};
		F403D07B28FB7DD100EE1C71 /* Build configuration list for PBXNativeTarget "fecAppUITests" */ = {
			isa = XCConfigurationList;
			buildConfigurations = (
				F403D07C28FB7DD100EE1C71 /* Debug */,
				F403D07D28FB7DD100EE1C71 /* Release */,
			);
			defaultConfigurationIsVisible = 0;
			defaultConfigurationName = Release;
		};
/* End XCConfigurationList section */
	};
	rootObject = F403D04328FB7DCF00EE1C71 /* Project object */;
}
